
Microsoft Visual Studio Solution File, Format Version 12.00
# Visual Studio Version 16
VisualStudioVersion = 16.0.29709.97
MinimumVisualStudioVersion = 10.0.40219.1
Project("{FAE04EC0-301F-11D3-BF4B-00C04F79EFBC}") = "WebApiProject", "WebApiProject\WebApiProject.csproj", "{298B2EE9-F868-4DA1-9CE0-08B522318298}"
EndProject
Project("{FAE04EC0-301F-11D3-BF4B-00C04F79EFBC}") = "EmployeeEntities", "EmployeeEntities\EmployeeEntities.csproj", "{36817CA0-A2C8-4487-BE90-7B6CE8B0B18C}"
EndProject
Project("{FAE04EC0-301F-11D3-BF4B-00C04F79EFBC}") = "EmployeeBO", "EmployeeBO\EmployeeBO.csproj", "{C5C94598-4051-40CE-B53E-34CC296358C2}"
EndProject
Project("{FAE04EC0-301F-11D3-BF4B-00C04F79EFBC}") = "EmployeeDO", "EmployeeDataAccess\EmployeeDO.csproj", "{470844C3-9AC3-412C-98D3-BD6E912AA93D}"
EndProject
Global
	GlobalSection(SolutionConfigurationPlatforms) = preSolution
		Debug|Any CPU = Debug|Any CPU
		Release|Any CPU = Release|Any CPU
	EndGlobalSection
	GlobalSection(ProjectConfigurationPlatforms) = postSolution
		{298B2EE9-F868-4DA1-9CE0-08B522318298}.Debug|Any CPU.ActiveCfg = Debug|Any CPU
		{298B2EE9-F868-4DA1-9CE0-08B522318298}.Debug|Any CPU.Build.0 = Debug|Any CPU
		{298B2EE9-F868-4DA1-9CE0-08B522318298}.Release|Any CPU.ActiveCfg = Release|Any CPU
		{298B2EE9-F868-4DA1-9CE0-08B522318298}.Release|Any CPU.Build.0 = Release|Any CPU
		{36817CA0-A2C8-4487-BE90-7B6CE8B0B18C}.Debug|Any CPU.ActiveCfg = Debug|Any CPU
		{36817CA0-A2C8-4487-BE90-7B6CE8B0B18C}.Debug|Any CPU.Build.0 = Debug|Any CPU
		{36817CA0-A2C8-4487-BE90-7B6CE8B0B18C}.Release|Any CPU.ActiveCfg = Release|Any CPU
		{36817CA0-A2C8-4487-BE90-7B6CE8B0B18C}.Release|Any CPU.Build.0 = Release|Any CPU
		{C5C94598-4051-40CE-B53E-34CC296358C2}.Debug|Any CPU.ActiveCfg = Debug|Any CPU
		{C5C94598-4051-40CE-B53E-34CC296358C2}.Debug|Any CPU.Build.0 = Debug|Any CPU
		{C5C94598-4051-40CE-B53E-34CC296358C2}.Release|Any CPU.ActiveCfg = Release|Any CPU
		{C5C94598-4051-40CE-B53E-34CC296358C2}.Release|Any CPU.Build.0 = Release|Any CPU
		{470844C3-9AC3-412C-98D3-BD6E912AA93D}.Debug|Any CPU.ActiveCfg = Debug|Any CPU
		{470844C3-9AC3-412C-98D3-BD6E912AA93D}.Debug|Any CPU.Build.0 = Debug|Any CPU
		{470844C3-9AC3-412C-98D3-BD6E912AA93D}.Release|Any CPU.ActiveCfg = Release|Any CPU
		{470844C3-9AC3-412C-98D3-BD6E912AA93D}.Release|Any CPU.Build.0 = Release|Any CPU
	EndGlobalSection
	GlobalSection(SolutionProperties) = preSolution
		HideSolutionNode = FALSE
	EndGlobalSection
	GlobalSection(ExtensibilityGlobals) = postSolution
		SolutionGuid = {B74926E3-9A18-4C31-81F9-B3223AC9C92D}
	EndGlobalSection
EndGlobal
